{
  "version": 4,
  "terraform_version": "1.4.6",
  "serial": 22,
  "lineage": "dd28586c-b772-62fa-1858-92dc40948c51",
  "outputs": {},
  "resources": [
    {
      "module": "module.new_instance",
      "mode": "data",
      "type": "external",
      "name": "my_ip",
      "provider": "provider[\"registry.terraform.io/hashicorp/external\"]",
      "instances": [
        {
          "schema_version": 0,
          "attributes": {
            "id": "-",
            "program": [
              "bash",
              "module/get_my_ip.sh"
            ],
            "query": null,
            "result": {
              "MY_IP": "82.78.85.87"
            },
            "working_dir": null
          },
          "sensitive_attributes": []
        }
      ]
    },
    {
      "module": "module.new_instance",
      "mode": "managed",
      "type": "aws_instance",
      "name": "default_ec2",
      "provider": "provider[\"registry.terraform.io/hashicorp/aws\"]",
      "instances": [
        {
          "schema_version": 1,
          "attributes": {
            "ami": "ami-09744628bed84e434",
            "arn": "arn:aws:ec2:eu-west-2:529351201608:instance/i-09fad0fdbc127ac4e",
            "associate_public_ip_address": true,
            "availability_zone": "eu-west-2b",
            "capacity_reservation_specification": [
              {
                "capacity_reservation_preference": "open",
                "capacity_reservation_target": []
              }
            ],
            "cpu_core_count": 1,
            "cpu_options": [
              {
                "amd_sev_snp": "",
                "core_count": 1,
                "threads_per_core": 1
              }
            ],
            "cpu_threads_per_core": 1,
            "credit_specification": [
              {
                "cpu_credits": "standard"
              }
            ],
            "disable_api_stop": false,
            "disable_api_termination": false,
            "ebs_block_device": [],
            "ebs_optimized": false,
            "enclave_options": [
              {
                "enabled": false
              }
            ],
            "ephemeral_block_device": [],
            "get_password_data": false,
            "hibernation": false,
            "host_id": "",
            "host_resource_group_arn": null,
            "iam_instance_profile": "",
            "id": "i-09fad0fdbc127ac4e",
            "instance_initiated_shutdown_behavior": "stop",
            "instance_state": "running",
            "instance_type": "t2.micro",
            "ipv6_address_count": 0,
            "ipv6_addresses": [],
            "key_name": "first_module_created_key",
            "launch_template": [],
            "maintenance_options": [
              {
                "auto_recovery": "default"
              }
            ],
            "metadata_options": [
              {
                "http_endpoint": "enabled",
                "http_put_response_hop_limit": 1,
                "http_tokens": "optional",
                "instance_metadata_tags": "disabled"
              }
            ],
            "monitoring": true,
            "network_interface": [],
            "outpost_arn": "",
            "password_data": "",
            "placement_group": "",
            "placement_partition_number": 0,
            "primary_network_interface_id": "eni-0fbf39fc1c8c44878",
            "private_dns": "ip-172-31-34-237.eu-west-2.compute.internal",
            "private_dns_name_options": [
              {
                "enable_resource_name_dns_a_record": false,
                "enable_resource_name_dns_aaaa_record": false,
                "hostname_type": "ip-name"
              }
            ],
            "private_ip": "172.31.34.237",
            "public_dns": "ec2-13-41-54-164.eu-west-2.compute.amazonaws.com",
            "public_ip": "13.41.54.164",
            "root_block_device": [
              {
                "delete_on_termination": true,
                "device_name": "/dev/sda1",
                "encrypted": false,
                "iops": 100,
                "kms_key_id": "",
                "tags": {},
                "throughput": 0,
                "volume_id": "vol-0eb3a36f00de46ea7",
                "volume_size": 8,
                "volume_type": "gp2"
              }
            ],
            "secondary_private_ips": [],
            "security_groups": [
              "sg-0fe22f00d3484aad6"
            ],
            "source_dest_check": true,
            "subnet_id": "subnet-05e708d5fdd66fc4f",
            "tags": {
              "Name": "first_module_created_instance"
            },
            "tags_all": {
              "Name": "first_module_created_instance"
            },
            "tenancy": "default",
            "timeouts": null,
            "user_data": null,
            "user_data_base64": null,
            "user_data_replace_on_change": false,
            "volume_tags": null,
            "vpc_security_group_ids": [
              "sg-0fe22f00d3484aad6"
            ]
          },
          "sensitive_attributes": [],
          "private": "eyJlMmJmYjczMC1lY2FhLTExZTYtOGY4OC0zNDM2M2JjN2M0YzAiOnsiY3JlYXRlIjo2MDAwMDAwMDAwMDAsImRlbGV0ZSI6MTIwMDAwMDAwMDAwMCwidXBkYXRlIjo2MDAwMDAwMDAwMDB9LCJzY2hlbWFfdmVyc2lvbiI6IjEifQ==",
          "dependencies": [
            "module.new_instance.aws_key_pair.default_keypair",
            "module.new_instance.aws_security_group.default_securitygroup",
            "module.new_instance.data.external.my_ip"
          ]
        }
      ]
    },
    {
      "module": "module.new_instance",
      "mode": "managed",
      "type": "aws_key_pair",
      "name": "default_keypair",
      "provider": "provider[\"registry.terraform.io/hashicorp/aws\"]",
      "instances": [
        {
          "schema_version": 1,
          "attributes": {
            "arn": "arn:aws:ec2:eu-west-2:529351201608:key-pair/first_module_created_key",
            "fingerprint": "64:52:86:6e:58:f2:f8:2e:03:d9:f4:90:69:3c:40:71",
            "id": "first_module_created_key",
            "key_name": "first_module_created_key",
            "key_name_prefix": "",
            "key_pair_id": "key-0b8a9d6db51104985",
            "key_type": "rsa",
            "public_key": "ssh-rsa AAAAB3NzaC1yc2EAAAADAQABAAACAQDNhWRY2zbzVkaMpRM7z1WugVDqfeXBRXXVn7XOqo204RVbtDZeeFN7XCGOJ8TU3d+aJQTWYE2gRsFJnVtT7P43DIExDU2DeIaOAdGCuR9RGD7pTwUMcZXmmJszOt8LZSlQgtTisOYju3CkEmal//yKUAAXXpv09ovJrl6pUg6Pd2eQ+CCLqcW7y5y0hm3GEQW3pqDpi8LDUA2Z2NMFOTCYTezvJ9LeXZAsYdCYmNtuvLgPFIjWAXRgCOqViNMEn9re6XIlXrN50i7uKlNjN/bhWmsNF6Qf2ulgnD3yfVqYFzyoYM4M5nVillPOxEEzxdofqZFAxPS+QlhotKMJopBxfdJiVvfBbkeizUAdcBCsobog06g5dPrqOcBHP27l5b/MxWDWDgpYT0+b8Ks187TtN9yr1qyCsxy4mtOFrXCoexgfipo2+KKyT1iLlN/kybKwJj9/kFqDU57foYn9GBsHsk36Y9WeCf5WiwofuMDxrWzHVEMIEPfLdveD2fErcfnSEDhLipGp0qjfZRAvhbfAqtOKp4K0/mAUbgVgXe/vCAuNUlItlqX4fS0MQxcLdBWCgYK5DcYsvFicVKF4lKKvWmWqe/aKtrckgODKt0G/7iyHlDfg/F77aka02CRuqL8dzvJg6aiLAUQugXT/dKeuhnO8Sv30tTNa8NI6DUCc7w== mike@mikewyss",
            "tags": null,
            "tags_all": {}
          },
          "sensitive_attributes": [],
          "private": "eyJzY2hlbWFfdmVyc2lvbiI6IjEifQ=="
        }
      ]
    },
    {
      "module": "module.new_instance",
      "mode": "managed",
      "type": "aws_security_group",
      "name": "default_securitygroup",
      "provider": "provider[\"registry.terraform.io/hashicorp/aws\"]",
      "instances": [
        {
          "schema_version": 1,
          "attributes": {
            "arn": "arn:aws:ec2:eu-west-2:529351201608:security-group/sg-0fe22f00d3484aad6",
            "description": "Allows personal SSH access",
            "egress": [
              {
                "cidr_blocks": [
                  "0.0.0.0/0"
                ],
                "description": "",
                "from_port": 0,
                "ipv6_cidr_blocks": [],
                "prefix_list_ids": [],
                "protocol": "-1",
                "security_groups": [],
                "self": false,
                "to_port": 0
              }
            ],
            "id": "sg-0fe22f00d3484aad6",
            "ingress": [
              {
                "cidr_blocks": [
                  "82.78.85.87/32"
                ],
                "description": "",
                "from_port": 22,
                "ipv6_cidr_blocks": [],
                "prefix_list_ids": [],
                "protocol": "tcp",
                "security_groups": [],
                "self": false,
                "to_port": 22
              }
            ],
            "name": "first_module_created_sg",
            "name_prefix": "",
            "owner_id": "529351201608",
            "revoke_rules_on_delete": false,
            "tags": null,
            "tags_all": {},
            "timeouts": null,
            "vpc_id": "vpc-0810289a43394ca8f"
          },
          "sensitive_attributes": [],
          "private": "eyJlMmJmYjczMC1lY2FhLTExZTYtOGY4OC0zNDM2M2JjN2M0YzAiOnsiY3JlYXRlIjo2MDAwMDAwMDAwMDAsImRlbGV0ZSI6OTAwMDAwMDAwMDAwfSwic2NoZW1hX3ZlcnNpb24iOiIxIn0=",
          "dependencies": [
            "module.new_instance.data.external.my_ip"
          ]
        }
      ]
    }
  ],
  "check_results": null
}
